{
  "name": "parkr-backend-node",
  "version": "1.0.0",
  "lockfileVersion": 1,
  "requires": true,
  "dependencies": {
    "@sailshq/lodash": {
      "version": "3.10.2",
      "resolved": "https://registry.npmjs.org/@sailshq/lodash/-/lodash-3.10.2.tgz",
      "integrity": "sha1-FWfUc0U2TCwuIHe8ETSHsd/mIVQ="
    },
    "@types/geojson": {
      "version": "1.0.6",
      "resolved": "https://registry.npmjs.org/@types/geojson/-/geojson-1.0.6.tgz",
      "integrity": "sha512-Xqg/lIZMrUd0VRmSRbCAewtwGZiAk3mEUDvV4op1tGl+LvyPcb/MIOSxTl9z+9+J+R4/vpjiCAT4xeKzH9ji1w=="
    },
    "@types/node": {
      "version": "8.5.7",
      "resolved": "https://registry.npmjs.org/@types/node/-/node-8.5.7.tgz",
      "integrity": "sha512-+1ZfzGIq8Y3EV7hPF7bs3i+Gi2mqYOiEGGRxGYPrn+hTYLMmzg+/5TkMkCHiRtLB38XSNvr/43aQ9+cUq4BbBg=="
    },
    "accepts": {
      "version": "1.3.4",
      "resolved": "https://registry.npmjs.org/accepts/-/accepts-1.3.4.tgz",
      "integrity": "sha1-hiRnWMfdbSGmR0/whKR0DsBesh8=",
      "requires": {
        "mime-types": "2.1.17",
        "negotiator": "0.6.1"
      }
    },
    "anchor": {
      "version": "1.2.0",
      "resolved": "https://registry.npmjs.org/anchor/-/anchor-1.2.0.tgz",
      "integrity": "sha512-HA3dZelD4mTRcOyFEentnsxwUSrkdUZmn6FWey1rQfMzn7UDTDRAnD78ieQU2x5Etn5S/CDCtrVW6qZeqR+dJg==",
      "requires": {
        "@sailshq/lodash": "3.10.2",
        "validator": "4.4.0"
      },
      "dependencies": {
        "validator": {
          "version": "4.4.0",
          "resolved": "https://registry.npmjs.org/validator/-/validator-4.4.0.tgz",
          "integrity": "sha1-NeKVVd1feCb5cKTq7P+ebfbfPaY="
        }
      }
    },
    "array-flatten": {
      "version": "1.1.1",
      "resolved": "https://registry.npmjs.org/array-flatten/-/array-flatten-1.1.1.tgz",
      "integrity": "sha1-ml9pkFGx5wczKPKgCJaLZOopVdI="
    },
    "async": {
      "version": "2.0.1",
      "resolved": "https://registry.npmjs.org/async/-/async-2.0.1.tgz",
      "integrity": "sha1-twnMAoCpw28J9FNr6CPIOKkEniU=",
      "requires": {
        "lodash": "4.17.4"
      }
    },
    "balanced-match": {
      "version": "1.0.0",
      "resolved": "https://registry.npmjs.org/balanced-match/-/balanced-match-1.0.0.tgz",
      "integrity": "sha1-ibTRmasr7kneFk6gK4nORi1xt2c="
    },
    "bluebird": {
      "version": "3.5.1",
      "resolved": "https://registry.npmjs.org/bluebird/-/bluebird-3.5.1.tgz",
      "integrity": "sha512-MKiLiV+I1AA596t9w1sQJ8jkiSr5+ZKi0WKrYGUn6d1Fx+Ij4tIj+m2WMQSGczs5jZVxV339chE8iwk6F64wjA=="
    },
    "body-parser": {
      "version": "1.18.2",
      "resolved": "https://registry.npmjs.org/body-parser/-/body-parser-1.18.2.tgz",
      "integrity": "sha1-h2eKGdhLR9hZuDGZvVm84iKxBFQ=",
      "requires": {
        "bytes": "3.0.0",
        "content-type": "1.0.4",
        "debug": "2.6.9",
        "depd": "1.1.1",
        "http-errors": "1.6.2",
        "iconv-lite": "0.4.19",
        "on-finished": "2.3.0",
        "qs": "6.5.1",
        "raw-body": "2.3.2",
        "type-is": "1.6.15"
      }
    },
    "brace-expansion": {
      "version": "1.1.8",
      "resolved": "https://registry.npmjs.org/brace-expansion/-/brace-expansion-1.1.8.tgz",
      "integrity": "sha1-wHshHHyVLsH479Uad+8NHTmQopI=",
      "requires": {
        "balanced-match": "1.0.0",
        "concat-map": "0.0.1"
      }
    },
    "bytes": {
      "version": "3.0.0",
      "resolved": "https://registry.npmjs.org/bytes/-/bytes-3.0.0.tgz",
      "integrity": "sha1-0ygVQE1olpn4Wk6k+odV3ROpYEg="
    },
    "cls-bluebird": {
      "version": "2.1.0",
      "resolved": "https://registry.npmjs.org/cls-bluebird/-/cls-bluebird-2.1.0.tgz",
      "integrity": "sha1-N+8eCAqP+1XC9BZPU28ZGeeWiu4=",
      "requires": {
        "is-bluebird": "1.0.2",
        "shimmer": "1.2.0"
      }
    },
    "concat-map": {
      "version": "0.0.1",
      "resolved": "https://registry.npmjs.org/concat-map/-/concat-map-0.0.1.tgz",
      "integrity": "sha1-2Klr13/Wjfd5OnMDajug1UBdR3s="
    },
    "content-disposition": {
      "version": "0.5.2",
      "resolved": "https://registry.npmjs.org/content-disposition/-/content-disposition-0.5.2.tgz",
      "integrity": "sha1-DPaLud318r55YcOoUXjLhdunjLQ="
    },
    "content-type": {
      "version": "1.0.4",
      "resolved": "https://registry.npmjs.org/content-type/-/content-type-1.0.4.tgz",
      "integrity": "sha512-hIP3EEPs8tB9AT1L+NUqtwOAps4mk2Zob89MWXMHjHWg9milF/j4osnnQLXBCBFBk/tvIG/tUc9mOUJiPBhPXA=="
    },
    "cookie": {
      "version": "0.3.1",
      "resolved": "https://registry.npmjs.org/cookie/-/cookie-0.3.1.tgz",
      "integrity": "sha1-5+Ch+e9DtMi6klxcWpboBtFoc7s="
    },
    "cookie-signature": {
      "version": "1.0.6",
      "resolved": "https://registry.npmjs.org/cookie-signature/-/cookie-signature-1.0.6.tgz",
      "integrity": "sha1-4wOogrNCzD7oylE6eZmXNNqzriw="
    },
    "debug": {
      "version": "2.6.9",
      "resolved": "https://registry.npmjs.org/debug/-/debug-2.6.9.tgz",
      "integrity": "sha512-bC7ElrdJaJnPbAP+1EotYvqZsb3ecl5wi6Bfi6BJTUcNowp6cvspg0jXznRTKDjm/E7AdgFBVeAPVMNcKGsHMA==",
      "requires": {
        "ms": "2.0.0"
      }
    },
    "depd": {
      "version": "1.1.1",
      "resolved": "https://registry.npmjs.org/depd/-/depd-1.1.1.tgz",
      "integrity": "sha1-V4O04cRZ8G+lyif5kfPQbnoxA1k="
    },
    "destroy": {
      "version": "1.0.4",
      "resolved": "https://registry.npmjs.org/destroy/-/destroy-1.0.4.tgz",
      "integrity": "sha1-l4hXRCxEdJ5CBmE+N5RiBYJqvYA="
    },
    "dotenv": {
      "version": "4.0.0",
      "resolved": "https://registry.npmjs.org/dotenv/-/dotenv-4.0.0.tgz",
      "integrity": "sha1-hk7xN5rO1Vzm+V3r7NzhefegzR0="
    },
    "dottie": {
      "version": "2.0.0",
      "resolved": "https://registry.npmjs.org/dottie/-/dottie-2.0.0.tgz",
      "integrity": "sha1-2hkZgci41xPKARXViYzzl8Lw3dA="
    },
    "ee-first": {
      "version": "1.1.1",
      "resolved": "https://registry.npmjs.org/ee-first/-/ee-first-1.1.1.tgz",
      "integrity": "sha1-WQxhFWsK4vTwJVcyoViyZrxWsh0="
    },
    "encodeurl": {
      "version": "1.0.1",
      "resolved": "https://registry.npmjs.org/encodeurl/-/encodeurl-1.0.1.tgz",
      "integrity": "sha1-eePVhlU0aQn+bw9Fpd5oEDspTSA="
    },
    "encrypted-attr": {
      "version": "1.0.6",
      "resolved": "https://registry.npmjs.org/encrypted-attr/-/encrypted-attr-1.0.6.tgz",
      "integrity": "sha512-12WE8GDkbhKcGmVp6+TyJXCcFj9NF7db33nutjOSBLlMuYY4oCGricgTEUAuRSI1xLeE1nhoDD6jSx20WgFVYg==",
      "requires": {
        "lodash": "4.17.4"
      }
    },
    "escape-html": {
      "version": "1.0.3",
      "resolved": "https://registry.npmjs.org/escape-html/-/escape-html-1.0.3.tgz",
      "integrity": "sha1-Aljq5NPQwJdN4cFpGI7wBR0dGYg="
    },
    "etag": {
      "version": "1.8.1",
      "resolved": "https://registry.npmjs.org/etag/-/etag-1.8.1.tgz",
      "integrity": "sha1-Qa4u62XvpiJorr/qg6x9eSmbCIc="
    },
    "express": {
      "version": "4.16.2",
      "resolved": "https://registry.npmjs.org/express/-/express-4.16.2.tgz",
      "integrity": "sha1-41xt/i1kt9ygpc1PIXgb4ymeB2w=",
      "requires": {
        "accepts": "1.3.4",
        "array-flatten": "1.1.1",
        "body-parser": "1.18.2",
        "content-disposition": "0.5.2",
        "content-type": "1.0.4",
        "cookie": "0.3.1",
        "cookie-signature": "1.0.6",
        "debug": "2.6.9",
        "depd": "1.1.1",
        "encodeurl": "1.0.1",
        "escape-html": "1.0.3",
        "etag": "1.8.1",
        "finalhandler": "1.1.0",
        "fresh": "0.5.2",
        "merge-descriptors": "1.0.1",
        "methods": "1.1.2",
        "on-finished": "2.3.0",
        "parseurl": "1.3.2",
        "path-to-regexp": "0.1.7",
        "proxy-addr": "2.0.2",
        "qs": "6.5.1",
        "range-parser": "1.2.0",
        "safe-buffer": "5.1.1",
        "send": "0.16.1",
        "serve-static": "1.13.1",
        "setprototypeof": "1.1.0",
        "statuses": "1.3.1",
        "type-is": "1.6.15",
        "utils-merge": "1.0.1",
        "vary": "1.1.2"
      }
    },
    "finalhandler": {
      "version": "1.1.0",
      "resolved": "https://registry.npmjs.org/finalhandler/-/finalhandler-1.1.0.tgz",
      "integrity": "sha1-zgtoVbRYU+eRsvzGgARtiCU91/U=",
      "requires": {
        "debug": "2.6.9",
        "encodeurl": "1.0.1",
        "escape-html": "1.0.3",
        "on-finished": "2.3.0",
        "parseurl": "1.3.2",
        "statuses": "1.3.1",
        "unpipe": "1.0.0"
      }
    },
    "flaverr": {
      "version": "1.9.0",
      "resolved": "https://registry.npmjs.org/flaverr/-/flaverr-1.9.0.tgz",
      "integrity": "sha512-PVkovjjvvgMMjsYYR1bSiSxRSt8K/Q6llEpBaaXKaKYbUv49r+W1gNvBlYmme01i71kixISibaBCP03T6OjJZQ==",
      "requires": {
        "@sailshq/lodash": "3.10.2"
      }
    },
    "forwarded": {
      "version": "0.1.2",
      "resolved": "https://registry.npmjs.org/forwarded/-/forwarded-0.1.2.tgz",
      "integrity": "sha1-mMI9qxF1ZXuMBXPozszZGw/xjIQ="
    },
    "fresh": {
      "version": "0.5.2",
      "resolved": "https://registry.npmjs.org/fresh/-/fresh-0.5.2.tgz",
      "integrity": "sha1-PYyt2Q2XZWn6g1qx+OSyOhBWBac="
    },
    "fs-extra": {
      "version": "0.30.0",
      "resolved": "https://registry.npmjs.org/fs-extra/-/fs-extra-0.30.0.tgz",
      "integrity": "sha1-8jP/zAjU2n1DLapEl3aYnbHfk/A=",
      "requires": {
        "graceful-fs": "4.1.11",
        "jsonfile": "2.4.0",
        "klaw": "1.3.1",
        "path-is-absolute": "1.0.1",
        "rimraf": "2.6.2"
      }
    },
    "fs.realpath": {
      "version": "1.0.0",
      "resolved": "https://registry.npmjs.org/fs.realpath/-/fs.realpath-1.0.0.tgz",
      "integrity": "sha1-FQStJSMVjKpA20onh8sBQRmU6k8="
    },
    "generic-pool": {
      "version": "3.4.0",
      "resolved": "https://registry.npmjs.org/generic-pool/-/generic-pool-3.4.0.tgz",
      "integrity": "sha512-lYsIpjkyNBnRLKrcnJlXTEXB2ISmK9g7N4WqWwXbvr+tVB1+raaFnHoCYecWnuCo/XGHgM935WOWmr5Zx3tJKw=="
    },
    "glob": {
      "version": "7.1.2",
      "resolved": "https://registry.npmjs.org/glob/-/glob-7.1.2.tgz",
      "integrity": "sha512-MJTUg1kjuLeQCJ+ccE4Vpa6kKVXkPYJ2mOCQyUuKLcLQsdrMCpBPUi8qVE6+YuaJkozeA9NusTAw3hLr8Xe5EQ==",
      "requires": {
        "fs.realpath": "1.0.0",
        "inflight": "1.0.6",
        "inherits": "2.0.3",
        "minimatch": "3.0.4",
        "once": "1.4.0",
        "path-is-absolute": "1.0.1"
      }
    },
    "graceful-fs": {
      "version": "4.1.11",
      "resolved": "https://registry.npmjs.org/graceful-fs/-/graceful-fs-4.1.11.tgz",
      "integrity": "sha1-Dovf5NHduIVNZOBOp8AOKgJuVlg="
    },
    "http-errors": {
      "version": "1.6.2",
      "resolved": "https://registry.npmjs.org/http-errors/-/http-errors-1.6.2.tgz",
      "integrity": "sha1-CgAsyFcHGSp+eUbO7cERVfYOxzY=",
      "requires": {
        "depd": "1.1.1",
        "inherits": "2.0.3",
        "setprototypeof": "1.0.3",
        "statuses": "1.3.1"
      },
      "dependencies": {
        "setprototypeof": {
          "version": "1.0.3",
          "resolved": "https://registry.npmjs.org/setprototypeof/-/setprototypeof-1.0.3.tgz",
          "integrity": "sha1-ZlZ+NwQ+608E2RvWWMDL77VbjgQ="
        }
      }
    },
    "iconv-lite": {
      "version": "0.4.19",
      "resolved": "https://registry.npmjs.org/iconv-lite/-/iconv-lite-0.4.19.tgz",
      "integrity": "sha512-oTZqweIP51xaGPI4uPa56/Pri/480R+mo7SeU+YETByQNhDG55ycFyNLIgta9vXhILrxXDmF7ZGhqZIcuN0gJQ=="
    },
    "inflection": {
      "version": "1.12.0",
      "resolved": "https://registry.npmjs.org/inflection/-/inflection-1.12.0.tgz",
      "integrity": "sha1-ogCTVlbW9fa8TcdQLhrstwMihBY="
    },
    "inflight": {
      "version": "1.0.6",
      "resolved": "https://registry.npmjs.org/inflight/-/inflight-1.0.6.tgz",
      "integrity": "sha1-Sb1jMdfQLQwJvJEKEHW6gWW1bfk=",
      "requires": {
        "once": "1.4.0",
        "wrappy": "1.0.2"
      }
    },
    "inherits": {
      "version": "2.0.3",
      "resolved": "https://registry.npmjs.org/inherits/-/inherits-2.0.3.tgz",
      "integrity": "sha1-Yzwsg+PaQqUC9SRmAiSA9CCCYd4="
    },
    "ipaddr.js": {
      "version": "1.5.2",
      "resolved": "https://registry.npmjs.org/ipaddr.js/-/ipaddr.js-1.5.2.tgz",
      "integrity": "sha1-1LUFvemUaYfM8PxY2QEP+WB+P6A="
    },
    "is-bluebird": {
      "version": "1.0.2",
      "resolved": "https://registry.npmjs.org/is-bluebird/-/is-bluebird-1.0.2.tgz",
      "integrity": "sha1-CWQ5Bg9KpBGr7hkUOoTWpVNG1uI="
    },
    "jsonfile": {
      "version": "2.4.0",
      "resolved": "https://registry.npmjs.org/jsonfile/-/jsonfile-2.4.0.tgz",
      "integrity": "sha1-NzaitCi4e72gzIO1P6PWM6NcKug=",
      "requires": {
        "graceful-fs": "4.1.11"
      }
    },
    "klaw": {
      "version": "1.3.1",
      "resolved": "https://registry.npmjs.org/klaw/-/klaw-1.3.1.tgz",
      "integrity": "sha1-QIhDO0azsbolnXh4XY6W9zugJDk=",
      "requires": {
        "graceful-fs": "4.1.11"
      }
    },
    "lodash": {
      "version": "4.17.4",
      "resolved": "https://registry.npmjs.org/lodash/-/lodash-4.17.4.tgz",
      "integrity": "sha1-eCA6TRwyiuHYbcpkYONptX9AVa4="
    },
    "lodash.issafeinteger": {
      "version": "4.0.4",
      "resolved": "https://registry.npmjs.org/lodash.issafeinteger/-/lodash.issafeinteger-4.0.4.tgz",
      "integrity": "sha1-sXbVmQ7GSdBr7cvOLwKOeJBJT5A="
    },
    "media-typer": {
      "version": "0.3.0",
      "resolved": "https://registry.npmjs.org/media-typer/-/media-typer-0.3.0.tgz",
      "integrity": "sha1-hxDXrwqmJvj/+hzgAWhUUmMlV0g="
    },
    "merge-descriptors": {
      "version": "1.0.1",
      "resolved": "https://registry.npmjs.org/merge-descriptors/-/merge-descriptors-1.0.1.tgz",
      "integrity": "sha1-sAqqVW3YtEVoFQ7J0blT8/kMu2E="
    },
    "methods": {
      "version": "1.1.2",
      "resolved": "https://registry.npmjs.org/methods/-/methods-1.1.2.tgz",
      "integrity": "sha1-VSmk1nZUE07cxSZmVoNbD4Ua/O4="
    },
    "mime": {
      "version": "1.4.1",
      "resolved": "https://registry.npmjs.org/mime/-/mime-1.4.1.tgz",
      "integrity": "sha512-KI1+qOZu5DcW6wayYHSzR/tXKCDC5Om4s1z2QJjDULzLcmf3DvzS7oluY4HCTrc+9FiKmWUgeNLg7W3uIQvxtQ=="
    },
    "mime-db": {
      "version": "1.30.0",
      "resolved": "https://registry.npmjs.org/mime-db/-/mime-db-1.30.0.tgz",
      "integrity": "sha1-dMZD2i3Z1qRTmZY0ZbJtXKfXHwE="
    },
    "mime-types": {
      "version": "2.1.17",
      "resolved": "https://registry.npmjs.org/mime-types/-/mime-types-2.1.17.tgz",
      "integrity": "sha1-Cdejk/A+mVp5+K+Fe3Cp4KsWVXo=",
      "requires": {
        "mime-db": "1.30.0"
      }
    },
    "minimatch": {
      "version": "3.0.4",
      "resolved": "https://registry.npmjs.org/minimatch/-/minimatch-3.0.4.tgz",
      "integrity": "sha512-yJHVQEhyqPLUTgt9B83PXu6W3rx4MvvHvSUvToogpwoGDOUQ+yDrR0HRot+yOCdCO7u4hX3pWft6kWBBcqh0UA==",
      "requires": {
        "brace-expansion": "1.1.8"
      }
    },
    "moment": {
      "version": "2.20.1",
      "resolved": "https://registry.npmjs.org/moment/-/moment-2.20.1.tgz",
      "integrity": "sha512-Yh9y73JRljxW5QxN08Fner68eFLxM5ynNOAw2LbIB1YAGeQzZT8QFSUvkAz609Zf+IHhhaUxqZK8dG3W/+HEvg=="
    },
    "moment-timezone": {
      "version": "0.5.14",
      "resolved": "https://registry.npmjs.org/moment-timezone/-/moment-timezone-0.5.14.tgz",
      "integrity": "sha1-TrOP+VOLgBCLpGekWPPtQmjM/LE=",
      "requires": {
        "moment": "2.20.1"
      }
    },
    "ms": {
      "version": "2.0.0",
      "resolved": "https://registry.npmjs.org/ms/-/ms-2.0.0.tgz",
      "integrity": "sha1-VgiurfwAvmwpAd9fmGF4jeDVl8g="
    },
    "negotiator": {
      "version": "0.6.1",
      "resolved": "https://registry.npmjs.org/negotiator/-/negotiator-0.6.1.tgz",
      "integrity": "sha1-KzJxhOiZIQEXeyhWP7XnECrNDKk="
    },
    "on-finished": {
      "version": "2.3.0",
      "resolved": "https://registry.npmjs.org/on-finished/-/on-finished-2.3.0.tgz",
      "integrity": "sha1-IPEzZIGwg811M3mSoWlxqi2QaUc=",
      "requires": {
        "ee-first": "1.1.1"
      }
    },
    "once": {
      "version": "1.4.0",
      "resolved": "https://registry.npmjs.org/once/-/once-1.4.0.tgz",
      "integrity": "sha1-WDsap3WWHUsROsF9nFC6753Xa9E=",
      "requires": {
        "wrappy": "1.0.2"
      }
    },
    "parley": {
      "version": "3.3.4",
      "resolved": "https://registry.npmjs.org/parley/-/parley-3.3.4.tgz",
      "integrity": "sha512-mx0cU+MIOqKaZRcYqBtoxHoW3UvtTGSwYYA3OZ4EI9V/NySyLpLja0OoqlA4SsNraRWNivyW08vp7Me3EYHHKw==",
      "requires": {
        "@sailshq/lodash": "3.10.2",
        "bluebird": "3.2.1",
        "flaverr": "1.9.0"
      },
      "dependencies": {
        "bluebird": {
          "version": "3.2.1",
          "resolved": "https://registry.npmjs.org/bluebird/-/bluebird-3.2.1.tgz",
          "integrity": "sha1-POzzUEkEwwzj55wXCHfok6EZEP0="
        }
      }
    },
    "parseurl": {
      "version": "1.3.2",
      "resolved": "https://registry.npmjs.org/parseurl/-/parseurl-1.3.2.tgz",
      "integrity": "sha1-/CidTtiZMRlGDBViUyYs3I3mW/M="
    },
    "path-is-absolute": {
      "version": "1.0.1",
      "resolved": "https://registry.npmjs.org/path-is-absolute/-/path-is-absolute-1.0.1.tgz",
      "integrity": "sha1-F0uSaHNVNP+8es5r9TpanhtcX18="
    },
    "path-to-regexp": {
      "version": "0.1.7",
      "resolved": "https://registry.npmjs.org/path-to-regexp/-/path-to-regexp-0.1.7.tgz",
      "integrity": "sha1-32BBeABfUi8V60SQ5yR6G/qmf4w="
    },
    "proxy-addr": {
      "version": "2.0.2",
      "resolved": "https://registry.npmjs.org/proxy-addr/-/proxy-addr-2.0.2.tgz",
      "integrity": "sha1-ZXFQT0e7mI7IGAJT+F3X4UlSvew=",
      "requires": {
        "forwarded": "0.1.2",
        "ipaddr.js": "1.5.2"
      }
    },
    "qs": {
      "version": "6.5.1",
      "resolved": "https://registry.npmjs.org/qs/-/qs-6.5.1.tgz",
      "integrity": "sha512-eRzhrN1WSINYCDCbrz796z37LOe3m5tmW7RQf6oBntukAG1nmovJvhnwHHRMAfeoItc1m2Hk02WER2aQ/iqs+A=="
    },
    "range-parser": {
      "version": "1.2.0",
      "resolved": "https://registry.npmjs.org/range-parser/-/range-parser-1.2.0.tgz",
      "integrity": "sha1-9JvmtIeJTdxA3MlKMi9hEJLgDV4="
    },
    "raw-body": {
      "version": "2.3.2",
      "resolved": "https://registry.npmjs.org/raw-body/-/raw-body-2.3.2.tgz",
      "integrity": "sha1-vNYMd9Prk83gBQKVw/N5OJvIj4k=",
      "requires": {
        "bytes": "3.0.0",
        "http-errors": "1.6.2",
        "iconv-lite": "0.4.19",
        "unpipe": "1.0.0"
      }
    },
    "retry-as-promised": {
      "version": "2.3.2",
      "resolved": "https://registry.npmjs.org/retry-as-promised/-/retry-as-promised-2.3.2.tgz",
      "integrity": "sha1-zZdO5P2bX+A8vzGHHuSCIcB3N7c=",
      "requires": {
        "bluebird": "3.5.1",
        "debug": "2.6.9"
      }
    },
    "rimraf": {
      "version": "2.6.2",
      "resolved": "https://registry.npmjs.org/rimraf/-/rimraf-2.6.2.tgz",
      "integrity": "sha512-lreewLK/BlghmxtfH36YYVg1i8IAce4TI7oao75I1g245+6BctqTVQiBP3YUJ9C6DQOXJmkYR9X9fCLtCOJc5w==",
      "requires": {
        "glob": "7.1.2"
      }
    },
    "rttc": {
      "version": "10.0.0-4",
      "resolved": "https://registry.npmjs.org/rttc/-/rttc-10.0.0-4.tgz",
      "integrity": "sha512-HroJ9z+RVipbPCeFdglopiVM18w9BM5PFqXivM6ZceNQEphjpDGZ154srk1JhviNacrmFqhdzDbGQZsB13g6JA==",
      "requires": {
        "@sailshq/lodash": "3.10.2"
      }
    },
    "safe-buffer": {
      "version": "5.1.1",
      "resolved": "https://registry.npmjs.org/safe-buffer/-/safe-buffer-5.1.1.tgz",
      "integrity": "sha512-kKvNJn6Mm93gAczWVJg7wH+wGYWNrDHdWvpUmHyEsgCtIwwo3bqPtV4tR5tuPaUhTOo/kvhVwd8XwwOllGYkbg=="
    },
    "semver": {
      "version": "5.4.1",
      "resolved": "https://registry.npmjs.org/semver/-/semver-5.4.1.tgz",
      "integrity": "sha512-WfG/X9+oATh81XtllIo/I8gOiY9EXRdv1cQdyykeXK17YcUW3EXUAi2To4pcH6nZtJPr7ZOpM5OMyWJZm+8Rsg=="
    },
    "send": {
      "version": "0.16.1",
      "resolved": "https://registry.npmjs.org/send/-/send-0.16.1.tgz",
      "integrity": "sha512-ElCLJdJIKPk6ux/Hocwhk7NFHpI3pVm/IZOYWqUmoxcgeyM+MpxHHKhb8QmlJDX1pU6WrgaHBkVNm73Sv7uc2A==",
      "requires": {
        "debug": "2.6.9",
        "depd": "1.1.1",
        "destroy": "1.0.4",
        "encodeurl": "1.0.1",
        "escape-html": "1.0.3",
        "etag": "1.8.1",
        "fresh": "0.5.2",
        "http-errors": "1.6.2",
        "mime": "1.4.1",
        "ms": "2.0.0",
        "on-finished": "2.3.0",
        "range-parser": "1.2.0",
        "statuses": "1.3.1"
      }
    },
    "sequelize": {
      "version": "4.29.0",
      "resolved": "https://registry.npmjs.org/sequelize/-/sequelize-4.29.0.tgz",
      "integrity": "sha512-/4PKIYxxfhdSi6hPYx/btsBJHbhkvnzSTYXdoLjdZAqb+qVesMvDHkfhAOJTxb4Z87oFoekwKe+qlGT93fklmg==",
      "requires": {
        "bluebird": "3.5.1",
        "cls-bluebird": "2.1.0",
        "debug": "3.1.0",
        "depd": "1.1.1",
        "dottie": "2.0.0",
        "generic-pool": "3.4.0",
        "inflection": "1.12.0",
        "lodash": "4.17.4",
        "moment": "2.20.1",
        "moment-timezone": "0.5.14",
        "retry-as-promised": "2.3.2",
        "semver": "5.4.1",
        "terraformer-wkt-parser": "1.1.2",
        "toposort-class": "1.0.1",
        "uuid": "3.1.0",
        "validator": "9.2.0",
        "wkx": "0.4.2"
      },
      "dependencies": {
        "debug": {
          "version": "3.1.0",
          "resolved": "https://registry.npmjs.org/debug/-/debug-3.1.0.tgz",
          "integrity": "sha512-OX8XqP7/1a9cqkxYw2yXss15f26NKWBpDXQd0/uK/KPqdQhxbPa994hnzjcE2VqQpDslf55723cKPUOGSmMY3g==",
          "requires": {
            "ms": "2.0.0"
          }
        }
      }
    },
    "serve-static": {
      "version": "1.13.1",
      "resolved": "https://registry.npmjs.org/serve-static/-/serve-static-1.13.1.tgz",
      "integrity": "sha512-hSMUZrsPa/I09VYFJwa627JJkNs0NrfL1Uzuup+GqHfToR2KcsXFymXSV90hoyw3M+msjFuQly+YzIH/q0MGlQ==",
      "requires": {
        "encodeurl": "1.0.1",
        "escape-html": "1.0.3",
        "parseurl": "1.3.2",
        "send": "0.16.1"
      }
    },
    "setprototypeof": {
      "version": "1.1.0",
      "resolved": "https://registry.npmjs.org/setprototypeof/-/setprototypeof-1.1.0.tgz",
      "integrity": "sha512-BvE/TwpZX4FXExxOxZyRGQQv651MSwmWKZGqvmPcRIjDqWub67kTKuIMx43cZZrS/cBBzwBcNDWoFxt2XEFIpQ=="
    },
    "shimmer": {
      "version": "1.2.0",
      "resolved": "https://registry.npmjs.org/shimmer/-/shimmer-1.2.0.tgz",
      "integrity": "sha512-xTCx2vohXC2EWWDqY/zb4+5Mu28D+HYNSOuFzsyRDRvI/e1ICb69afwaUwfjr+25ZXldbOLyp+iDUZHq8UnTag=="
    },
    "statuses": {
      "version": "1.3.1",
      "resolved": "https://registry.npmjs.org/statuses/-/statuses-1.3.1.tgz",
      "integrity": "sha1-+vUbnrdKrvOzrPStX2Gr8ky3uT4="
    },
    "terraformer": {
      "version": "1.0.8",
      "resolved": "https://registry.npmjs.org/terraformer/-/terraformer-1.0.8.tgz",
      "integrity": "sha1-UeCtiXRvzyFh3G9lqnDkI3fItZM=",
      "requires": {
        "@types/geojson": "1.0.6"
      }
    },
    "terraformer-wkt-parser": {
      "version": "1.1.2",
      "resolved": "https://registry.npmjs.org/terraformer-wkt-parser/-/terraformer-wkt-parser-1.1.2.tgz",
      "integrity": "sha1-M2oMj8gglKWv+DKI9prt7NNpvww=",
      "requires": {
        "terraformer": "1.0.8"
      }
    },
    "toposort-class": {
      "version": "1.0.1",
      "resolved": "https://registry.npmjs.org/toposort-class/-/toposort-class-1.0.1.tgz",
      "integrity": "sha1-f/0feMi+KMO6Rc1OGj9e4ZO9mYg="
    },
    "type-is": {
      "version": "1.6.15",
      "resolved": "https://registry.npmjs.org/type-is/-/type-is-1.6.15.tgz",
      "integrity": "sha1-yrEPtJCeRByChC6v4a1kbIGARBA=",
      "requires": {
        "media-typer": "0.3.0",
        "mime-types": "2.1.17"
      }
    },
    "unpipe": {
      "version": "1.0.0",
      "resolved": "https://registry.npmjs.org/unpipe/-/unpipe-1.0.0.tgz",
      "integrity": "sha1-sr9O6FFKrmFltIF4KdIbLvSZBOw="
    },
    "utils-merge": {
      "version": "1.0.1",
      "resolved": "https://registry.npmjs.org/utils-merge/-/utils-merge-1.0.1.tgz",
      "integrity": "sha1-n5VxD1CiZ5R7LMwSR0HBAoQn5xM="
    },
    "uuid": {
      "version": "3.1.0",
      "resolved": "https://registry.npmjs.org/uuid/-/uuid-3.1.0.tgz",
      "integrity": "sha512-DIWtzUkw04M4k3bf1IcpS2tngXEL26YUD2M0tMDUpnUrz2hgzUBlD55a4FjdLGPvfHxS6uluGWvaVEqgBcVa+g=="
    },
    "validator": {
      "version": "9.2.0",
      "resolved": "https://registry.npmjs.org/validator/-/validator-9.2.0.tgz",
      "integrity": "sha512-6Ij4Eo0KM4LkR0d0IegOwluG5453uqT5QyF5SV5Ezvm8/zmkKI/L4eoraafZGlZPC9guLkwKzgypcw8VGWWnGA=="
    },
    "vary": {
      "version": "1.1.2",
      "resolved": "https://registry.npmjs.org/vary/-/vary-1.1.2.tgz",
      "integrity": "sha1-IpnwLG3tMNSllhsLn3RSShj2NPw="
    },
    "waterline": {
      "version": "0.13.1-9",
      "resolved": "https://registry.npmjs.org/waterline/-/waterline-0.13.1-9.tgz",
      "integrity": "sha512-M1nuJMKvfDFbnNqBSwsOCOQ7hJmF5iGHU4TyIPdalkohKQM6MfA5AUnemVNVP7gwQdVLMtAJIITrC1th4qd9gA==",
      "requires": {
        "@sailshq/lodash": "3.10.2",
        "anchor": "1.2.0",
        "async": "2.0.1",
        "encrypted-attr": "1.0.6",
        "flaverr": "1.9.0",
        "lodash.issafeinteger": "4.0.4",
        "parley": "3.3.4",
        "rttc": "10.0.0-4",
        "waterline-schema": "1.0.0-25",
        "waterline-utils": "1.3.23"
      }
    },
    "waterline-errors": {
      "version": "0.10.1",
      "resolved": "https://registry.npmjs.org/waterline-errors/-/waterline-errors-0.10.1.tgz",
      "integrity": "sha1-7mNjKq3emTJxt1FLfKmNn9W4ai4="
    },
    "waterline-postgresql": {
      "version": "0.50.0",
      "resolved": "https://registry.npmjs.org/waterline-postgresql/-/waterline-postgresql-0.50.0.tgz",
      "integrity": "sha512-KrJpz5AYk0AGW1LkL/PrU8sk0gIH5uq/vypiuXd1QMnRGZC63IfnRUSOpnD+z/BtoLBcMm7eiNmnJ2lyxHkQtQ==",
      "requires": {
        "camelize": "1.0.0",
        "knex": "0.10.0",
        "knex-postgis": "0.1.8",
        "lodash": "4.11.1",
        "pg": "4.5.5",
        "pg-query-stream": "1.0.0",
        "waterline-errors": "0.10.1",
        "waterline-sequel": "0.5.7"
      },
      "dependencies": {
        "JSV": {
          "version": "4.0.2",
          "bundled": true
        },
        "acorn": {
          "version": "1.2.2",
          "bundled": true
        },
        "ansi-regex": {
          "version": "2.0.0",
          "bundled": true
        },
        "ansi-styles": {
          "version": "2.2.1",
          "bundled": true
        },
        "ap": {
          "version": "0.2.0",
          "bundled": true
        },
        "ast-types": {
          "version": "0.8.16",
          "bundled": true
        },
        "balanced-match": {
          "version": "0.3.0",
          "bundled": true
        },
        "bluebird": {
          "version": "2.10.2",
          "bundled": true
        },
        "brace-expansion": {
          "version": "1.1.3",
          "bundled": true,
          "requires": {
            "balanced-match": "0.3.0",
            "concat-map": "0.0.1"
          }
        },
        "buffer-writer": {
          "version": "1.0.1",
          "bundled": true
        },
        "camelize": {
          "version": "1.0.0",
          "bundled": true
        },
        "chalk": {
          "version": "1.1.3",
          "bundled": true,
          "requires": {
            "ansi-styles": "2.2.1",
            "escape-string-regexp": "1.0.5",
            "has-ansi": "2.0.0",
            "strip-ansi": "3.0.1",
            "supports-color": "2.0.0"
          }
        },
        "commander": {
          "version": "2.9.0",
          "bundled": true,
          "requires": {
            "graceful-readlink": "1.0.1"
          }
        },
        "concat-map": {
          "version": "0.0.1",
          "bundled": true
        },
        "concat-stream": {
          "version": "1.4.10",
          "bundled": true,
          "requires": {
            "inherits": "2.0.1",
            "readable-stream": "1.1.14",
            "typedarray": "0.0.6"
          }
        },
        "core-util-is": {
          "version": "1.0.2",
          "bundled": true
        },
        "debug": {
          "version": "2.2.0",
          "bundled": true,
          "requires": {
            "ms": "0.7.1"
          }
        },
        "double-ended-queue": {
          "version": "2.1.0-0",
          "bundled": true
        },
        "escape-string-regexp": {
          "version": "1.0.5",
          "bundled": true
        },
        "esmangle-evaluator": {
          "version": "1.0.0",
          "bundled": true
        },
        "esprima": {
          "version": "2.7.2",
          "bundled": true
        },
        "extend": {
          "version": "2.0.1",
          "bundled": true
        },
        "falafel": {
          "version": "1.2.0",
          "bundled": true,
          "requires": {
            "acorn": "1.2.2",
            "foreach": "2.0.5",
            "isarray": "0.0.1",
            "object-keys": "1.0.9"
          }
        },
        "findup-sync": {
          "version": "0.2.1",
          "bundled": true,
          "requires": {
            "glob": "4.3.5"
          }
        },
        "flagged-respawn": {
          "version": "0.3.2",
          "bundled": true
        },
        "foreach": {
          "version": "2.0.5",
          "bundled": true
        },
        "generic-pool": {
          "version": "2.1.1",
          "bundled": true
        },
        "geojsonhint": {
          "version": "1.2.0",
          "bundled": true,
          "requires": {
            "chalk": "1.1.3",
            "concat-stream": "1.4.10",
            "jsonlint-lines": "1.7.1",
            "minimist": "1.1.1",
            "text-table": "0.2.0"
          },
          "dependencies": {
            "minimist": {
              "version": "1.1.1",
              "bundled": true
            }
          }
        },
        "glob": {
          "version": "4.3.5",
          "bundled": true,
          "requires": {
            "inflight": "1.0.4",
            "inherits": "2.0.1",
            "minimatch": "2.0.10",
            "once": "1.3.3"
          }
        },
        "graceful-readlink": {
          "version": "1.0.1",
          "bundled": true
        },
        "has-ansi": {
          "version": "2.0.0",
          "bundled": true,
          "requires": {
            "ansi-regex": "2.0.0"
          }
        },
        "has-color": {
          "version": "0.1.7",
          "bundled": true
        },
        "hashmap": {
          "version": "2.0.5",
          "bundled": true
        },
        "inflight": {
          "version": "1.0.4",
          "bundled": true,
          "requires": {
            "once": "1.3.3",
            "wrappy": "1.0.1"
          }
        },
        "inherits": {
          "version": "2.0.1",
          "bundled": true
        },
        "inline-process-browser": {
          "version": "2.0.1",
          "bundled": true,
          "requires": {
            "falafel": "1.2.0",
            "through2": "0.6.5"
          }
        },
        "interpret": {
          "version": "0.6.6",
          "bundled": true
        },
        "isarray": {
          "version": "0.0.1",
          "bundled": true
        },
        "jsonlint-lines": {
          "version": "1.7.1",
          "bundled": true,
          "requires": {
            "JSV": "4.0.2",
            "nomnom": "1.8.1"
          }
        },
        "knex": {
          "version": "0.10.0",
          "bundled": true,
          "requires": {
            "bluebird": "2.10.2",
            "chalk": "1.1.3",
            "commander": "2.9.0",
            "debug": "2.2.0",
            "inherits": "2.0.1",
            "interpret": "0.6.6",
            "liftoff": "2.0.3",
            "lodash": "3.10.1",
            "minimist": "1.1.3",
            "mkdirp": "0.5.1",
            "pg-connection-string": "0.1.3",
            "pool2": "1.3.4",
            "readable-stream": "1.1.14",
            "tildify": "1.0.0",
            "v8flags": "2.0.11"
          },
          "dependencies": {
            "lodash": {
              "version": "3.10.1",
              "bundled": true
            }
          }
        },
        "knex-postgis": {
          "version": "0.1.8",
          "bundled": true,
          "requires": {
            "geojsonhint": "1.2.0"
          }
        },
        "liftoff": {
          "version": "2.0.3",
          "bundled": true,
          "requires": {
            "extend": "2.0.1",
            "findup-sync": "0.2.1",
            "flagged-respawn": "0.3.2",
            "minimist": "1.1.3",
            "resolve": "1.1.7"
          }
        },
        "lodash": {
          "version": "4.11.1",
          "bundled": true
        },
        "minimatch": {
          "version": "2.0.10",
          "bundled": true,
          "requires": {
            "brace-expansion": "1.1.3"
          }
        },
        "minimist": {
          "version": "1.1.3",
          "bundled": true
        },
        "mkdirp": {
          "version": "0.5.1",
          "bundled": true,
          "requires": {
            "minimist": "0.0.8"
          },
          "dependencies": {
            "minimist": {
              "version": "0.0.8",
              "bundled": true
            }
          }
        },
        "ms": {
          "version": "0.7.1",
          "bundled": true
        },
        "nomnom": {
          "version": "1.8.1",
          "bundled": true,
          "requires": {
            "chalk": "0.4.0",
            "underscore": "1.6.0"
          },
          "dependencies": {
            "ansi-styles": {
              "version": "1.0.0",
              "bundled": true
            },
            "chalk": {
              "version": "0.4.0",
              "bundled": true,
              "requires": {
                "ansi-styles": "1.0.0",
                "has-color": "0.1.7",
                "strip-ansi": "0.1.1"
              }
            },
            "strip-ansi": {
              "version": "0.1.1",
              "bundled": true
            }
          }
        },
        "object-keys": {
          "version": "1.0.9",
          "bundled": true
        },
        "once": {
          "version": "1.3.3",
          "bundled": true,
          "requires": {
            "wrappy": "1.0.1"
          }
        },
        "packet-reader": {
          "version": "0.2.0",
          "bundled": true
        },
        "pg": {
          "version": "4.5.5",
          "bundled": true,
          "requires": {
            "buffer-writer": "1.0.1",
            "generic-pool": "2.1.1",
            "packet-reader": "0.2.0",
            "pg-connection-string": "0.1.3",
            "pg-types": "1.11.0",
            "pgpass": "0.0.3",
            "semver": "4.3.6"
          }
        },
        "pg-connection-string": {
          "version": "0.1.3",
          "bundled": true
        },
        "pg-cursor": {
          "version": "1.0.0",
          "bundled": true
        },
        "pg-query-stream": {
          "version": "1.0.0",
          "bundled": true,
          "requires": {
            "pg-cursor": "1.0.0",
            "readable-stream": "2.1.0"
          },
          "dependencies": {
            "isarray": {
              "version": "1.0.0",
              "bundled": true
            },
            "readable-stream": {
              "version": "2.1.0",
              "bundled": true,
              "requires": {
                "core-util-is": "1.0.2",
                "inherits": "2.0.1",
                "inline-process-browser": "2.0.1",
                "isarray": "1.0.0",
                "process-nextick-args": "1.0.6",
                "string_decoder": "0.10.31",
                "unreachable-branch-transform": "0.5.1",
                "util-deprecate": "1.0.2"
              }
            }
          }
        },
        "pg-types": {
          "version": "1.11.0",
          "bundled": true,
          "requires": {
            "ap": "0.2.0",
            "postgres-array": "1.0.0",
            "postgres-bytea": "1.0.0",
            "postgres-date": "1.0.1",
            "postgres-interval": "1.0.2"
          }
        },
        "pgpass": {
          "version": "0.0.3",
          "bundled": true,
          "requires": {
            "split": "0.3.3"
          }
        },
        "pool2": {
          "version": "1.3.4",
          "bundled": true,
          "requires": {
            "debug": "2.2.0",
            "double-ended-queue": "2.1.0-0",
            "hashmap": "2.0.5",
            "simple-backoff": "1.0.0"
          }
        },
        "postgres-array": {
          "version": "1.0.0",
          "bundled": true
        },
        "postgres-bytea": {
          "version": "1.0.0",
          "bundled": true
        },
        "postgres-date": {
          "version": "1.0.1",
          "bundled": true
        },
        "postgres-interval": {
          "version": "1.0.2",
          "bundled": true,
          "requires": {
            "xtend": "4.0.1"
          }
        },
        "private": {
          "version": "0.1.6",
          "bundled": true
        },
        "process-nextick-args": {
          "version": "1.0.6",
          "bundled": true
        },
        "readable-stream": {
          "version": "1.1.14",
          "bundled": true,
          "requires": {
            "core-util-is": "1.0.2",
            "inherits": "2.0.1",
            "isarray": "0.0.1",
            "string_decoder": "0.10.31"
          }
        },
        "recast": {
          "version": "0.11.5",
          "bundled": true,
          "requires": {
            "ast-types": "0.8.16",
            "esprima": "2.7.2",
            "private": "0.1.6",
            "source-map": "0.5.5"
          }
        },
        "resolve": {
          "version": "1.1.7",
          "bundled": true
        },
        "semver": {
          "version": "4.3.6",
          "bundled": true
        },
        "simple-backoff": {
          "version": "1.0.0",
          "bundled": true
        },
        "source-map": {
          "version": "0.5.5",
          "bundled": true
        },
        "split": {
          "version": "0.3.3",
          "bundled": true,
          "requires": {
            "through": "2.3.8"
          }
        },
        "string_decoder": {
          "version": "0.10.31",
          "bundled": true
        },
        "strip-ansi": {
          "version": "3.0.1",
          "bundled": true,
          "requires": {
            "ansi-regex": "2.0.0"
          }
        },
        "supports-color": {
          "version": "2.0.0",
          "bundled": true
        },
        "text-table": {
          "version": "0.2.0",
          "bundled": true
        },
        "through": {
          "version": "2.3.8",
          "bundled": true
        },
        "through2": {
          "version": "0.6.5",
          "bundled": true,
          "requires": {
            "readable-stream": "1.0.34",
            "xtend": "4.0.1"
          },
          "dependencies": {
            "readable-stream": {
              "version": "1.0.34",
              "bundled": true,
              "requires": {
                "core-util-is": "1.0.2",
                "inherits": "2.0.1",
                "isarray": "0.0.1",
                "string_decoder": "0.10.31"
              }
            }
          }
        },
        "tildify": {
          "version": "1.0.0",
          "bundled": true,
          "requires": {
            "user-home": "1.1.1"
          }
        },
        "typedarray": {
          "version": "0.0.6",
          "bundled": true
        },
        "underscore": {
          "version": "1.6.0",
          "bundled": true
        },
        "unreachable-branch-transform": {
          "version": "0.5.1",
          "bundled": true,
          "requires": {
            "esmangle-evaluator": "1.0.0",
            "recast": "0.11.5"
          }
        },
        "user-home": {
          "version": "1.1.1",
          "bundled": true
        },
        "util-deprecate": {
          "version": "1.0.2",
          "bundled": true
        },
        "v8flags": {
          "version": "2.0.11",
          "bundled": true,
          "requires": {
            "user-home": "1.1.1"
          }
        },
        "waterline-sequel": {
          "version": "0.5.7",
          "bundled": true,
          "requires": {
            "lodash": "3.10.0"
          },
          "dependencies": {
            "lodash": {
              "version": "3.10.0",
              "bundled": true
            }
          }
        },
        "wrappy": {
          "version": "1.0.1",
          "bundled": true
        },
        "xtend": {
          "version": "4.0.1",
          "bundled": true
        }
      }
    },
    "waterline-schema": {
      "version": "1.0.0-25",
      "resolved": "https://registry.npmjs.org/waterline-schema/-/waterline-schema-1.0.0-25.tgz",
      "integrity": "sha512-IdNmCqYg2vpvVvPE306SKyBFKZyorw1BxrNMyTKC50tXR3/x45mZMKHF6ayQiHtuC89ranrIq6zfxpr6rHpAJQ==",
      "requires": {
        "@sailshq/lodash": "3.10.2",
        "flaverr": "1.9.0",
        "rttc": "10.0.0-4"
      }
    },
    "waterline-utils": {
      "version": "1.3.23",
      "resolved": "https://registry.npmjs.org/waterline-utils/-/waterline-utils-1.3.23.tgz",
      "integrity": "sha512-zUnwYgWQy+ikKI1RYaMcOGxX9yQcx3OkuRUEMmEfe+zaN2ftMfTD/Zeke7k+6w7/PNyrRRBavI6w2ObXL+boBg==",
      "requires": {
        "@sailshq/lodash": "3.10.2",
        "async": "2.0.1",
        "flaverr": "1.9.0",
        "fs-extra": "0.30.0"
      }
    },
    "wkx": {
      "version": "0.4.2",
      "resolved": "https://registry.npmjs.org/wkx/-/wkx-0.4.2.tgz",
      "integrity": "sha1-d201pjSlwi5lbkdEvetU+D/Szo0=",
      "requires": {
        "@types/node": "8.5.7"
      }
    },
    "wrappy": {
      "version": "1.0.2",
      "resolved": "https://registry.npmjs.org/wrappy/-/wrappy-1.0.2.tgz",
      "integrity": "sha1-tSQ9jz7BqjXxNkYFvA0QNuMKtp8="
    }
  }
}
